{
  "originHash" : "0bcb02154f34f833d159b5808c5720049b777a475ceefea5a735dc345c9a1262",
  "pins" : [
    {
      "identity" : "alamofire",
      "kind" : "remoteSourceControl",
      "location" : "https://github.com/Alamofire/Alamofire.git",
      "state" : {
        "revision" : "513364f870f6bfc468f9d2ff0a95caccc10044c5",
        "version" : "5.10.2"
      }
    },
    {
      "identity" : "eventsource",
      "kind" : "remoteSourceControl",
      "location" : "https://github.com/Recouse/EventSource.git",
      "state" : {
        "revision" : "7b2f4f585d3927876bd76eaede9fdff779eff102",
        "version" : "0.1.5"
      }
    },
    {
      "identity" : "swift-loadable",
      "kind" : "remoteSourceControl",
      "location" : "https://github.com/drewalth/swift-loadable.git",
      "state" : {
        "branch" : "main",
        "revision" : "4cf12aed9e06f0d718978adec74e08f4f1f065aa"
      }
    }
  ],
  "version" : 3
}
