{
  "originHash" : "67a18d3ebeb9489e499e21d28fe90d32a7d55f45f8c7a202922a884644874aa3",
  "pins" : [
    {
      "identity" : "alamofire",
      "kind" : "remoteSourceControl",
      "location" : "https://github.com/Alamofire/Alamofire.git",
      "state" : {
        "revision" : "7595cbcf59809f9977c5f6378500de2ad73b7ddb",
        "version" : "5.12.0"
      }
    },
    {
      "identity" : "eventsource",
      "kind" : "remoteSourceControl",
      "location" : "https://github.com/Recouse/EventSource.git",
      "state" : {
        "revision" : "d3d3a918c6b7aad080d2cf87cf7eaa87872e579b",
        "version" : "0.1.8"
      }
    },
    {
      "identity" : "swift-loadable",
      "kind" : "remoteSourceControl",
      "location" : "https://github.com/drewalth/swift-loadable.git",
      "state" : {
        "branch" : "main",
        "revision" : "4cf12aed9e06f0d718978adec74e08f4f1f065aa"
      }
    }
  ],
  "version" : 3
}
