{
  "originHash" : "083d9c7def25123fb0ddcb7ee9a37a11ef5586f1c1ccb878d7cfe80d3e1f7aa9",
  "pins" : [
    {
      "identity" : "alamofire",
      "kind" : "remoteSourceControl",
      "location" : "https://github.com/Alamofire/Alamofire.git",
      "state" : {
        "revision" : "513364f870f6bfc468f9d2ff0a95caccc10044c5",
        "version" : "5.10.2"
      }
    },
    {
      "identity" : "eventsource",
      "kind" : "remoteSourceControl",
      "location" : "https://github.com/inaka/EventSource.git",
      "state" : {
        "branch" : "master",
        "revision" : "78934b361891c7d0fa3d399d128e959f0c94d267"
      }
    }
  ],
  "version" : 3
}
