{
  "originHash" : "da15f502f7d2c1957e949138aeade4e4a72e667b419f03cbf07d52cd1c102beb",
  "pins" : [
    {
      "identity" : "alamofire",
      "kind" : "remoteSourceControl",
      "location" : "https://github.com/Alamofire/Alamofire.git",
      "state" : {
        "revision" : "513364f870f6bfc468f9d2ff0a95caccc10044c5",
        "version" : "5.10.2"
      }
    },
    {
      "identity" : "eventsource",
      "kind" : "remoteSourceControl",
      "location" : "https://github.com/Recouse/EventSource.git",
      "state" : {
        "revision" : "7b2f4f585d3927876bd76eaede9fdff779eff102",
        "version" : "0.1.5"
      }
    }
  ],
  "version" : 3
}
